
Microsoft Visual Studio Solution File, Format Version 12.00
# Visual Studio Version 17
VisualStudioVersion = 17.8.34330.188
MinimumVisualStudioVersion = 10.0.40219.1
Project("{9A19103F-16F7-4668-BE54-9A1E7A4F7556}") = "WinFormMvp.Example", "MVP.Sample\WinFormMvp.Example.csproj", "{7AA5AE27-77B2-4ED8-BD7F-90FFFEC72690}"
EndProject
Project("{9A19103F-16F7-4668-BE54-9A1E7A4F7556}") = "WinFormMvp", "WinFormMvp\WinFormMvp.csproj", "{5E32EF5C-4122-462D-B0BE-F3F38BAA9CB6}"
EndProject
Global
	GlobalSection(SolutionConfigurationPlatforms) = preSolution
		Debug|Any CPU = Debug|Any CPU
		Release|Any CPU = Release|Any CPU
	EndGlobalSection
	GlobalSection(ProjectConfigurationPlatforms) = postSolution
		{7AA5AE27-77B2-4ED8-BD7F-90FFFEC72690}.Debug|Any CPU.ActiveCfg = Debug|Any CPU
		{7AA5AE27-77B2-4ED8-BD7F-90FFFEC72690}.Debug|Any CPU.Build.0 = Debug|Any CPU
		{7AA5AE27-77B2-4ED8-BD7F-90FFFEC72690}.Release|Any CPU.ActiveCfg = Release|Any CPU
		{7AA5AE27-77B2-4ED8-BD7F-90FFFEC72690}.Release|Any CPU.Build.0 = Release|Any CPU
		{5E32EF5C-4122-462D-B0BE-F3F38BAA9CB6}.Debug|Any CPU.ActiveCfg = Debug|Any CPU
		{5E32EF5C-4122-462D-B0BE-F3F38BAA9CB6}.Debug|Any CPU.Build.0 = Debug|Any CPU
		{5E32EF5C-4122-462D-B0BE-F3F38BAA9CB6}.Release|Any CPU.ActiveCfg = Release|Any CPU
		{5E32EF5C-4122-462D-B0BE-F3F38BAA9CB6}.Release|Any CPU.Build.0 = Release|Any CPU
	EndGlobalSection
	GlobalSection(SolutionProperties) = preSolution
		HideSolutionNode = FALSE
	EndGlobalSection
	GlobalSection(ExtensibilityGlobals) = postSolution
		SolutionGuid = {86EDA837-4937-44AF-8A20-1FE6DD99A937}
	EndGlobalSection
EndGlobal
